
Microsoft Visual Studio Solution File, Format Version 12.00
# Visual Studio Version 17
VisualStudioVersion = 17.2.32616.157
MinimumVisualStudioVersion = 10.0.40219.1
Project("{FAE04EC0-301F-11D3-BF4B-00C04F79EFBC}") = "Bubbles", "Bubbles\Bubbles.csproj", "{FE51474E-7B4A-4B0D-A1DC-7A56BA3B768A}"
EndProject
Global
	GlobalSection(SolutionConfigurationPlatforms) = preSolution
		Debug|Any CPU = Debug|Any CPU
		Release|Any CPU = Release|Any CPU
	EndGlobalSection
	GlobalSection(ProjectConfigurationPlatforms) = postSolution
		{FE51474E-7B4A-4B0D-A1DC-7A56BA3B768A}.Debug|Any CPU.ActiveCfg = Debug|Any CPU
		{FE51474E-7B4A-4B0D-A1DC-7A56BA3B768A}.Debug|Any CPU.Build.0 = Debug|Any CPU
		{FE51474E-7B4A-4B0D-A1DC-7A56BA3B768A}.Release|Any CPU.ActiveCfg = Release|Any CPU
		{FE51474E-7B4A-4B0D-A1DC-7A56BA3B768A}.Release|Any CPU.Build.0 = Release|Any CPU
	EndGlobalSection
	GlobalSection(SolutionProperties) = preSolution
		HideSolutionNode = FALSE
	EndGlobalSection
	GlobalSection(ExtensibilityGlobals) = postSolution
		SolutionGuid = {014785A3-9C66-483A-BAFA-B3BB61025AD9}
	EndGlobalSection
EndGlobal
